
Microsoft Visual Studio Solution File, Format Version 12.00
# Visual Studio Version 17
VisualStudioVersion = 17.13.35919.96 d17.13
MinimumVisualStudioVersion = 10.0.40219.1
Project("{FAE04EC0-301F-11D3-BF4B-00C04F79EFBC}") = "H-PDF Converter", "H-PDF Converter\H-PDF Converter.csproj", "{EEE87BD3-FCDC-4590-9DB9-F59BE2C71B00}"
EndProject
Global
	GlobalSection(SolutionConfigurationPlatforms) = preSolution
		Debug|Any CPU = Debug|Any CPU
		Release|Any CPU = Release|Any CPU
	EndGlobalSection
	GlobalSection(ProjectConfigurationPlatforms) = postSolution
		{EEE87BD3-FCDC-4590-9DB9-F59BE2C71B00}.Debug|Any CPU.ActiveCfg = Debug|Any CPU
		{EEE87BD3-FCDC-4590-9DB9-F59BE2C71B00}.Debug|Any CPU.Build.0 = Debug|Any CPU
		{EEE87BD3-FCDC-4590-9DB9-F59BE2C71B00}.Release|Any CPU.ActiveCfg = Release|Any CPU
		{EEE87BD3-FCDC-4590-9DB9-F59BE2C71B00}.Release|Any CPU.Build.0 = Release|Any CPU
	EndGlobalSection
	GlobalSection(SolutionProperties) = preSolution
		HideSolutionNode = FALSE
	EndGlobalSection
	GlobalSection(ExtensibilityGlobals) = postSolution
		SolutionGuid = {4D533375-8347-4652-9D78-3D4D10D00236}
	EndGlobalSection
EndGlobal
